// !$*UTF8*$!
{
	archiveVersion = 1;
	classes = {
	};
	objectVersion = 50;
	objects = {

/* Begin PBXBuildFile section */
		59BA4972215C7CA6007784A1 /* AppDelegate.swift in Sources */ = {isa = PBXBuildFile; fileRef = 59BA4971215C7CA6007784A1 /* AppDelegate.swift */; };
		59BA4974215C7CA6007784A1 /* ViewController.swift in Sources */ = {isa = PBXBuildFile; fileRef = 59BA4973215C7CA6007784A1 /* ViewController.swift */; };
		59BA4977215C7CA6007784A1 /* Main.storyboard in Resources */ = {isa = PBXBuildFile; fileRef = 59BA4975215C7CA6007784A1 /* Main.storyboard */; };
		59BA4979215C7CA7007784A1 /* Assets.xcassets in Resources */ = {isa = PBXBuildFile; fileRef = 59BA4978215C7CA7007784A1 /* Assets.xcassets */; };
		59BA497C215C7CA7007784A1 /* LaunchScreen.storyboard in Resources */ = {isa = PBXBuildFile; fileRef = 59BA497A215C7CA7007784A1 /* LaunchScreen.storyboard */; };
		59BA4984215C7CB7007784A1 /* CSButton.swift in Sources */ = {isa = PBXBuildFile; fileRef = 59BA4983215C7CB7007784A1 /* CSButton.swift */; };
/* End PBXBuildFile section */

/* Begin PBXFileReference section */
		59BA496E215C7CA6007784A1 /* CSButton.app */ = {isa = PBXFileReference; explicitFileType = wrapper.application; includeInIndex = 0; path = CSButton.app; sourceTree = BUILT_PRODUCTS_DIR; };
		59BA4971215C7CA6007784A1 /* AppDelegate.swift */ = {isa = PBXFileReference; lastKnownFileType = sourcecode.swift; path = AppDelegate.swift; sourceTree = "<group>"; };
		59BA4973215C7CA6007784A1 /* ViewController.swift */ = {isa = PBXFileReference; lastKnownFileType = sourcecode.swift; path = ViewController.swift; sourceTree = "<group>"; };
		59BA4976215C7CA6007784A1 /* Base */ = {isa = PBXFileReference; lastKnownFileType = file.storyboard; name = Base; path = Base.lproj/Main.storyboard; sourceTree = "<group>"; };
		59BA4978215C7CA7007784A1 /* Assets.xcassets */ = {isa = PBXFileReference; lastKnownFileType = folder.assetcatalog; path = Assets.xcassets; sourceTree = "<group>"; };
		59BA497B215C7CA7007784A1 /* Base */ = {isa = PBXFileReference; lastKnownFileType = file.storyboard; name = Base; path = Base.lproj/LaunchScreen.storyboard; sourceTree = "<group>"; };
		59BA497D215C7CA7007784A1 /* Info.plist */ = {isa = PBXFileReference; lastKnownFileType = text.plist.xml; path = Info.plist; sourceTree = "<group>"; };
		59BA4983215C7CB7007784A1 /* CSButton.swift */ = {isa = PBXFileReference; lastKnownFileType = sourcecode.swift; path = CSButton.swift; sourceTree = "<group>"; };
/* End PBXFileReference section */

/* Begin PBXFrameworksBuildPhase section */
		59BA496B215C7CA6007784A1 /* Frameworks */ = {
			isa = PBXFrameworksBuildPhase;
			buildActionMask = 2147483647;
			files = (
			);
			runOnlyForDeploymentPostprocessing = 0;
		};
/* End PBXFrameworksBuildPhase section */

/* Begin PBXGroup section */
		59BA4965215C7CA6007784A1 = {
			isa = PBXGroup;
			children = (
				59BA4970215C7CA6007784A1 /* CSButton */,
				59BA496F215C7CA6007784A1 /* Products */,
			);
			sourceTree = "<group>";
		};
		59BA496F215C7CA6007784A1 /* Products */ = {
			isa = PBXGroup;
			children = (
				59BA496E215C7CA6007784A1 /* CSButton.app */,
			);
			name = Products;
			sourceTree = "<group>";
		};
		59BA4970215C7CA6007784A1 /* CSButton */ = {
			isa = PBXGroup;
			children = (
				59BA4971215C7CA6007784A1 /* AppDelegate.swift */,
				59BA4973215C7CA6007784A1 /* ViewController.swift */,
				59BA4983215C7CB7007784A1 /* CSButton.swift */,
				59BA4975215C7CA6007784A1 /* Main.storyboard */,
				59BA4978215C7CA7007784A1 /* Assets.xcassets */,
				59BA497A215C7CA7007784A1 /* LaunchScreen.storyboard */,
				59BA497D215C7CA7007784A1 /* Info.plist */,
			);
			path = CSButton;
			sourceTree = "<group>";
		};
/* End PBXGroup section */

/* Begin PBXNativeTarget section */
		59BA496D215C7CA6007784A1 /* CSButton */ = {
			isa = PBXNativeTarget;
			buildConfigurationList = 59BA4980215C7CA7007784A1 /* Build configuration list for PBXNativeTarget "CSButton" */;
			buildPhases = (
				59BA496A215C7CA6007784A1 /* Sources */,
				59BA496B215C7CA6007784A1 /* Frameworks */,
				59BA496C215C7CA6007784A1 /* Resources */,
			);
			buildRules = (
			);
			dependencies = (
			);
			name = CSButton;
			productName = CSButton;
			productReference = 59BA496E215C7CA6007784A1 /* CSButton.app */;
			productType = "com.apple.product-type.application";
		};
/* End PBXNativeTarget section */

/* Begin PBXProject section */
		59BA4966215C7CA6007784A1 /* Project object */ = {
			isa = PBXProject;
			attributes = {
				LastSwiftUpdateCheck = 1000;
				LastUpgradeCheck = 1000;
				ORGANIZATIONNAME = JhDAT;
				TargetAttributes = {
					59BA496D215C7CA6007784A1 = {
						CreatedOnToolsVersion = 10.0;
					};
				};
			};
			buildConfigurationList = 59BA4969215C7CA6007784A1 /* Build configuration list for PBXProject "CSButton" */;
			compatibilityVersion = "Xcode 9.3";
			developmentRegion = en;
			hasScannedForEncodings = 0;
			knownRegions = (
				en,
				Base,
			);
			mainGroup = 59BA4965215C7CA6007784A1;
			productRefGroup = 59BA496F215C7CA6007784A1 /* Products */;
			projectDirPath = "";
			projectRoot = "";
			targets = (
				59BA496D215C7CA6007784A1 /* CSButton */,
			);
		};
/* End PBXProject section */

/* Begin PBXResourcesBuildPhase section */
		59BA496C215C7CA6007784A1 /* Resources */ = {
			isa = PBXResourcesBuildPhase;
			buildActionMask = 2147483647;
			files = (
				59BA497C215C7CA7007784A1 /* LaunchScreen.storyboard in Resources */,
				59BA4979215C7CA7007784A1 /* Assets.xcassets in Resources */,
				59BA4977215C7CA6007784A1 /* Main.storyboard in Resources */,
			);
			runOnlyForDeploymentPostprocessing = 0;
		};
/* End PBXResourcesBuildPhase section */

/* Begin PBXSourcesBuildPhase section */
		59BA496A215C7CA6007784A1 /* Sources */ = {
			isa = PBXSourcesBuildPhase;
			buildActionMask = 2147483647;
			files = (
				59BA4974215C7CA6007784A1 /* ViewController.swift in Sources */,
				59BA4984215C7CB7007784A1 /* CSButton.swift in Sources */,
				59BA4972215C7CA6007784A1 /* AppDelegate.swift in Sources */,
			);
			runOnlyForDeploymentPostprocessing = 0;
		};
/* End PBXSourcesBuildPhase section */

/* Begin PBXVariantGroup section */
		59BA4975215C7CA6007784A1 /* Main.storyboard */ = {
			isa = PBXVariantGroup;
			children = (
				59BA4976215C7CA6007784A1 /* Base */,
			);
			name = Main.storyboard;
			sourceTree = "<group>";
		};
		59BA497A215C7CA7007784A1 /* LaunchScreen.storyboard */ = {
			isa = PBXVariantGroup;
			children = (
				59BA497B215C7CA7007784A1 /* Base */,
			);
			name = LaunchScreen.storyboard;
			sourceTree = "<group>";
		};
/* End PBXVariantGroup section */

/* Begin XCBuildConfiguration section */
		59BA497E215C7CA7007784A1 /* Debug */ = {
			isa = XCBuildConfiguration;
			buildSettings = {
				ALWAYS_SEARCH_USER_PATHS = NO;
				CLANG_ANALYZER_NONNULL = YES;
				CLANG_ANALYZER_NUMBER_OBJECT_CONVERSION = YES_AGGRESSIVE;
				CLANG_CXX_LANGUAGE_STANDARD = "gnu++14";
				CLANG_CXX_LIBRARY = "libc++";
				CLANG_ENABLE_MODULES = YES;
				CLANG_ENABLE_OBJC_ARC = YES;
				CLANG_ENABLE_OBJC_WEAK = YES;
				CLANG_WARN_BLOCK_CAPTURE_AUTORELEASING = YES;
				CLANG_WARN_BOOL_CONVERSION = YES;
				CLANG_WARN_COMMA = YES;
				CLANG_WARN_CONSTANT_CONVERSION = YES;
				CLANG_WARN_DEPRECATED_OBJC_IMPLEMENTATIONS = YES;
				CLANG_WARN_DIRECT_OBJC_ISA_USAGE = YES_ERROR;
				CLANG_WARN_DOCUMENTATION_COMMENTS = YES;
				CLANG_WARN_EMPTY_BODY = YES;
				CLANG_WARN_ENUM_CONVERSION = YES;
				CLANG_WARN_INFINITE_RECURSION = YES;
				CLANG_WARN_INT_CONVERSION = YES;
				CLANG_WARN_NON_LITERAL_NULL_CONVERSION = YES;
				CLANG_WARN_OBJC_IMPLICIT_RETAIN_SELF = YES;
				CLANG_WARN_OBJC_LITERAL_CONVERSION = YES;
				CLANG_WARN_OBJC_ROOT_CLASS = YES_ERROR;
				CLANG_WARN_RANGE_LOOP_ANALYSIS = YES;
				CLANG_WARN_STRICT_PROTOTYPES = YES;
				CLANG_WARN_SUSPICIOUS_MOVE = YES;
				CLANG_WARN_UNGUARDED_AVAILABILITY = YES_AGGRESSIVE;
				CLANG_WARN_UNREACHABLE_CODE = YES;
				CLANG_WARN__DUPLICATE_METHOD_MATCH = YES;
				CODE_SIGN_IDENTITY = "iPhone Developer";
				COPY_PHASE_STRIP = NO;
				DEBUG_INFORMATION_FORMAT = dwarf;
				ENABLE_STRICT_OBJC_MSGSEND = YES;
				ENABLE_TESTABILITY = YES;
				GCC_C_LANGUAGE_STANDARD = gnu11;
				GCC_DYNAMIC_NO_PIC = NO;
				GCC_NO_COMMON_BLOCKS = YES;
				GCC_OPTIMIZATION_LEVEL = 0;
				GCC_PREPROCESSOR_DEFINITIONS = (
					"DEBUG=1",
					"$(inherited)",
				);
				GCC_WARN_64_TO_32_BIT_CONVERSION = YES;
				GCC_WARN_ABOUT_RETURN_TYPE = YES_ERROR;
				GCC_WARN_UNDECLARED_SELECTOR = YES;
				GCC_WARN_UNINITIALIZED_AUTOS = YES_AGGRESSIVE;
				GCC_WARN_UNUSED_FUNCTION = YES;
				GCC_WARN_UNUSED_VARIABLE = YES;
				IPHONEOS_DEPLOYMENT_TARGET = 12.0;
				MTL_ENABLE_DEBUG_INFO = INCLUDE_SOURCE;
				MTL_FAST_MATH = YES;
				ONLY_ACTIVE_ARCH = YES;
				SDKROOT = iphoneos;
				SWIFT_ACTIVE_COMPILATION_CONDITIONS = DEBUG;
				SWIFT_OPTIMIZATION_LEVEL = "-Onone";
			};
			name = Debug;
		};
		59BA497F215C7CA7007784A1 /* Release */ = {
			isa = XCBuildConfiguration;
			buildSettings = {
				ALWAYS_SEARCH_USER_PATHS = NO;
				CLANG_ANALYZER_NONNULL = YES;
				CLANG_ANALYZER_NUMBER_OBJECT_CONVERSION = YES_AGGRESSIVE;
				CLANG_CXX_LANGUAGE_STANDARD = "gnu++14";
				CLANG_CXX_LIBRARY = "libc++";
				CLANG_ENABLE_MODULES = YES;
				CLANG_ENABLE_OBJC_ARC = YES;
				CLANG_ENABLE_OBJC_WEAK = YES;
				CLANG_WARN_BLOCK_CAPTURE_AUTORELEASING = YES;
				CLANG_WARN_BOOL_CONVERSION = YES;
				CLANG_WARN_COMMA = YES;
				CLANG_WARN_CONSTANT_CONVERSION = YES;
				CLANG_WARN_DEPRECATED_OBJC_IMPLEMENTATIONS = YES;
				CLANG_WARN_DIRECT_OBJC_ISA_USAGE = YES_ERROR;
				CLANG_WARN_DOCUMENTATION_COMMENTS = YES;
				CLANG_WARN_EMPTY_BODY = YES;
				CLANG_WARN_ENUM_CONVERSION = YES;
				CLANG_WARN_INFINITE_RECURSION = YES;
				CLANG_WARN_INT_CONVERSION = YES;
				CLANG_WARN_NON_LITERAL_NULL_CONVERSION = YES;
				CLANG_WARN_OBJC_IMPLICIT_RETAIN_SELF = YES;
				CLANG_WARN_OBJC_LITERAL_CONVERSION = YES;
				CLANG_WARN_OBJC_ROOT_CLASS = YES_ERROR;
				CLANG_WARN_RANGE_LOOP_ANALYSIS = YES;
				CLANG_WARN_STRICT_PROTOTYPES = YES;
				CLANG_WARN_SUSPICIOUS_MOVE = YES;
				CLANG_WARN_UNGUARDED_AVAILABILITY = YES_AGGRESSIVE;
				CLANG_WARN_UNREACHABLE_CODE = YES;
				CLANG_WARN__DUPLICATE_METHOD_MATCH = YES;
				CODE_SIGN_IDENTITY = "iPhone Developer";
				COPY_PHASE_STRIP = NO;
				DEBUG_INFORMATION_FORMAT = "dwarf-with-dsym";
				ENABLE_NS_ASSERTIONS = NO;
				ENABLE_STRICT_OBJC_MSGSEND = YES;
				GCC_C_LANGUAGE_STANDARD = gnu11;
				GCC_NO_COMMON_BLOCKS = YES;
				GCC_WARN_64_TO_32_BIT_CONVERSION = YES;
				GCC_WARN_ABOUT_RETURN_TYPE = YES_ERROR;
				GCC_WARN_UNDECLARED_SELECTOR = YES;
				GCC_WARN_UNINITIALIZED_AUTOS = YES_AGGRESSIVE;
				GCC_WARN_UNUSED_FUNCTION = YES;
				GCC_WARN_UNUSED_VARIABLE = YES;
				IPHONEOS_DEPLOYMENT_TARGET = 12.0;
				MTL_ENABLE_DEBUG_INFO = NO;
				MTL_FAST_MATH = YES;
				SDKROOT = iphoneos;
				SWIFT_COMPILATION_MODE = wholemodule;
				SWIFT_OPTIMIZATION_LEVEL = "-O";
				VALIDATE_PRODUCT = YES;
			};
			name = Release;
		};
		59BA4981215C7CA7007784A1 /* Debug */ = {
			isa = XCBuildConfiguration;
			buildSettings = {
				ASSETCATALOG_COMPILER_APPICON_NAME = AppIcon;
				CODE_SIGN_STYLE = Automatic;
				INFOPLIST_FILE = CSButton/Info.plist;
				LD_RUNPATH_SEARCH_PATHS = (
					"$(inherited)",
					"@executable_path/Frameworks",
				);
				PRODUCT_BUNDLE_IDENTIFIER = com.JhDAT.CSButton;
				PRODUCT_NAME = "$(TARGET_NAME)";
				SWIFT_VERSION = 4.2;
				TARGETED_DEVICE_FAMILY = "1,2";
			};
			name = Debug;
		};
		59BA4982215C7CA7007784A1 /* Release */ = {
			isa = XCBuildConfiguration;
			buildSettings = {
				ASSETCATALOG_COMPILER_APPICON_NAME = AppIcon;
				CODE_SIGN_STYLE = Automatic;
				INFOPLIST_FILE = CSButton/Info.plist;
				LD_RUNPATH_SEARCH_PATHS = (
					"$(inherited)",
					"@executable_path/Frameworks",
				);
				PRODUCT_BUNDLE_IDENTIFIER = com.JhDAT.CSButton;
				PRODUCT_NAME = "$(TARGET_NAME)";
				SWIFT_VERSION = 4.2;
				TARGETED_DEVICE_FAMILY = "1,2";
			};
			name = Release;
		};
/* End XCBuildConfiguration section */

/* Begin XCConfigurationList section */
		59BA4969215C7CA6007784A1 /* Build configuration list for PBXProject "CSButton" */ = {
			isa = XCConfigurationList;
			buildConfigurations = (
				59BA497E215C7CA7007784A1 /* Debug */,
				59BA497F215C7CA7007784A1 /* Release */,
			);
			defaultConfigurationIsVisible = 0;
			defaultConfigurationName = Release;
		};
		59BA4980215C7CA7007784A1 /* Build configuration list for PBXNativeTarget "CSButton" */ = {
			isa = XCConfigurationList;
			buildConfigurations = (
				59BA4981215C7CA7007784A1 /* Debug */,
				59BA4982215C7CA7007784A1 /* Release */,
			);
			defaultConfigurationIsVisible = 0;
			defaultConfigurationName = Release;
		};
/* End XCConfigurationList section */
	};
	rootObject = 59BA4966215C7CA6007784A1 /* Project object */;
}
